{
	"name": "log",
	"version": "1.0.0",
	"lockfileVersion": 1,
	"requires": true,
	"dependencies": {
		"eslint-config-rules": {
			"version": "github:fatlard1993/eslint-config-rules#5638e9b52faa1727f5801c996286f1781e16eaa1",
			"from": "github:fatlard1993/eslint-config-rules",
			"dev": true
		}
	}
}
